
Microsoft Visual Studio Solution File, Format Version 12.00
# Visual Studio Version 16
VisualStudioVersion = 16.0.31205.134
MinimumVisualStudioVersion = 10.0.40219.1
Project("{9A19103F-16F7-4668-BE54-9A1E7A4F7556}") = "MSFSTrafficService", "MSFSTrafficService.csproj", "{A81E5AEA-DAE2-48EC-A894-3B898C34FC58}"
EndProject
Global
	GlobalSection(SolutionConfigurationPlatforms) = preSolution
		Debug|Any CPU = Debug|Any CPU
		Debug|x64 = Debug|x64
		Release|Any CPU = Release|Any CPU
		Release|x64 = Release|x64
	EndGlobalSection
	GlobalSection(ProjectConfigurationPlatforms) = postSolution
		{A81E5AEA-DAE2-48EC-A894-3B898C34FC58}.Debug|Any CPU.ActiveCfg = Debug|Any CPU
		{A81E5AEA-DAE2-48EC-A894-3B898C34FC58}.Debug|Any CPU.Build.0 = Debug|Any CPU
		{A81E5AEA-DAE2-48EC-A894-3B898C34FC58}.Debug|x64.ActiveCfg = Debug|x64
		{A81E5AEA-DAE2-48EC-A894-3B898C34FC58}.Debug|x64.Build.0 = Debug|x64
		{A81E5AEA-DAE2-48EC-A894-3B898C34FC58}.Release|Any CPU.ActiveCfg = Release|Any CPU
		{A81E5AEA-DAE2-48EC-A894-3B898C34FC58}.Release|Any CPU.Build.0 = Release|Any CPU
		{A81E5AEA-DAE2-48EC-A894-3B898C34FC58}.Release|x64.ActiveCfg = Release|x64
		{A81E5AEA-DAE2-48EC-A894-3B898C34FC58}.Release|x64.Build.0 = Release|x64
	EndGlobalSection
	GlobalSection(SolutionProperties) = preSolution
		HideSolutionNode = FALSE
	EndGlobalSection
	GlobalSection(ExtensibilityGlobals) = postSolution
		SolutionGuid = {D3C90B1D-CF76-430F-84AF-4E3EEF63FACA}
	EndGlobalSection
EndGlobal
